// !$*UTF8*$!
{
	archiveVersion = 1;
	classes = {
	};
	objectVersion = 38;
	objects = {
		00C05EF200D9F94A7F000001 = {
			isa = PBXFileReference;
			path = Glypha.rsrc;
			refType = 4;
		};
		00C05EF300D9F94A7F000001 = {
			fileRef = 00C05EF200D9F94A7F000001;
			isa = PBXBuildFile;
			settings = {
			};
		};
		00C05EF400D9F9A97F000001 = {
			fileEncoding = 30;
			isa = PBXFileReference;
			name = Externs.h;
			path = Source/Externs.h;
			refType = 4;
		};
		00C05EF500D9F9A97F000001 = {
			fileEncoding = 30;
			isa = PBXFileReference;
			name = Enemy.c;
			path = Source/Enemy.c;
			refType = 4;
		};
		00C05EF600D9F9A97F000001 = {
			fileEncoding = 30;
			isa = PBXFileReference;
			name = Graphics.c;
			path = Source/Graphics.c;
			refType = 4;
		};
		00C05EF700D9F9A97F000001 = {
			fileEncoding = 30;
			isa = PBXFileReference;
			name = Interface.c;
			path = Source/Interface.c;
			refType = 4;
		};
		00C05EF800D9F9A97F000001 = {
			fileEncoding = 30;
			isa = PBXFileReference;
			name = Main.c;
			path = Source/Main.c;
			refType = 4;
		};
		00C05EF900D9F9A97F000001 = {
			fileEncoding = 30;
			isa = PBXFileReference;
			name = Play.c;
			path = Source/Play.c;
			refType = 4;
		};
		00C05EFA00D9F9A97F000001 = {
			fileEncoding = 30;
			isa = PBXFileReference;
			name = Prefs.c;
			path = Source/Prefs.c;
			refType = 4;
		};
		00C05EFB00D9F9A97F000001 = {
			fileEncoding = 30;
			isa = PBXFileReference;
			name = SetUpTakeDown.c;
			path = Source/SetUpTakeDown.c;
			refType = 4;
		};
		00C05EFC00D9F9A97F000001 = {
			fileEncoding = 30;
			isa = PBXFileReference;
			name = Sound.c;
			path = Source/Sound.c;
			refType = 4;
		};
		00C05EFD00D9F9A97F000001 = {
			fileEncoding = 30;
			isa = PBXFileReference;
			name = Utilities.c;
			path = Source/Utilities.c;
			refType = 4;
		};
		00C05EFE00D9F9A97F000001 = {
			fileRef = 00C05EF400D9F9A97F000001;
			isa = PBXBuildFile;
			settings = {
			};
		};
		00C05EFF00D9F9A97F000001 = {
			fileRef = 00C05EF500D9F9A97F000001;
			isa = PBXBuildFile;
			settings = {
			};
		};
		00C05F0000D9F9A97F000001 = {
			fileRef = 00C05EF600D9F9A97F000001;
			isa = PBXBuildFile;
			settings = {
			};
		};
		00C05F0100D9F9A97F000001 = {
			fileRef = 00C05EF700D9F9A97F000001;
			isa = PBXBuildFile;
			settings = {
			};
		};
		00C05F0200D9F9A97F000001 = {
			fileRef = 00C05EF800D9F9A97F000001;
			isa = PBXBuildFile;
			settings = {
			};
		};
		00C05F0300D9F9A97F000001 = {
			fileRef = 00C05EF900D9F9A97F000001;
			isa = PBXBuildFile;
			settings = {
			};
		};
		00C05F0400D9F9A97F000001 = {
			fileRef = 00C05EFA00D9F9A97F000001;
			isa = PBXBuildFile;
			settings = {
			};
		};
		00C05F0500D9F9A97F000001 = {
			fileRef = 00C05EFB00D9F9A97F000001;
			isa = PBXBuildFile;
			settings = {
			};
		};
		00C05F0600D9F9A97F000001 = {
			fileRef = 00C05EFC00D9F9A97F000001;
			isa = PBXBuildFile;
			settings = {
			};
		};
		00C05F0700D9F9A97F000001 = {
			fileRef = 00C05EFD00D9F9A97F000001;
			isa = PBXBuildFile;
			settings = {
			};
		};
//000
//001
//002
//003
//004
//020
//021
//022
//023
//024
		0249A665FF388DC511CA2CEA = {
			isa = PBXApplicationReference;
			path = "Glypha III.app";
			refType = 3;
		};
		0249A669FF388E3911CA2CEA = {
			isa = PBXFileReference;
			name = "libstdc++.a";
			path = "/usr/lib/libstdc++.a";
			refType = 0;
		};
		0249A66AFF388E3911CA2CEA = {
			fileRef = 0249A669FF388E3911CA2CEA;
			isa = PBXBuildFile;
			settings = {
			};
		};
//020
//021
//022
//023
//024
//040
//041
//042
//043
//044
		04313892FE3035C9C02AAC07 = {
			buildActionMask = 2147483647;
			files = (
				00C05EF300D9F94A7F000001,
			);
			isa = PBXRezBuildPhase;
			runOnlyForDeploymentPostprocessing = 0;
		};
		04DED90400DCE4907F000001 = {
			isa = PBXFileReference;
			path = Glypha.icns;
			refType = 4;
		};
		04DED90500DCE4907F000001 = {
			fileRef = 04DED90400DCE4907F000001;
			isa = PBXBuildFile;
			settings = {
			};
		};
//040
//041
//042
//043
//044
//050
//051
//052
//053
//054
		05952DFCFFF02D1B11CA0E50 = {
			buildRules = (
			);
			buildSettings = {
				COPY_PHASE_STRIP = NO;
				DEBUGGING_SYMBOLS = YES;
				OPTIMIZATION_CFLAGS = "-O0";
			};
			isa = PBXBuildStyle;
			name = Development;
		};
		05952DFDFFF02D1B11CA0E50 = {
			buildRules = (
			);
			buildSettings = {
				COPY_PHASE_STRIP = YES;
				DEBUGGING_SYMBOLS = NO;
				OPTIMIZATION_CFLAGS = "-Os";
				OTHER_CFLAGS = "\U0001-DOBSCURE_CURSOR_DURING_PLAY";
			};
			isa = PBXBuildStyle;
			name = Deployment;
		};
//050
//051
//052
//053
//054
//060
//061
//062
//063
//064
		0640BAA4FFF0323A11CA0E50 = {
			isa = PBXFrameworkReference;
			name = ApplicationServices.framework;
			path = /System/Library/Frameworks/ApplicationServices.framework;
			refType = 0;
		};
		0640BAA5FFF0323A11CA0E50 = {
			isa = PBXFrameworkReference;
			name = CoreServices.framework;
			path = /System/Library/Frameworks/CoreServices.framework;
			refType = 0;
		};
//060
//061
//062
//063
//064
//190
//191
//192
//193
//194
		195DF8C9FE9D4F0611CA2CBB = {
			children = (
				0249A665FF388DC511CA2CEA,
			);
			isa = PBXGroup;
			name = Products;
			refType = 4;
		};
//190
//191
//192
//193
//194
//200
//201
//202
//203
//204
		20286C28FDCF999611CA2CEA = {
			buildStyles = (
				05952DFCFFF02D1B11CA0E50,
				05952DFDFFF02D1B11CA0E50,
			);
			hasScannedForEncodings = 1;
			isa = PBXProject;
			mainGroup = 20286C29FDCF999611CA2CEA;
			projectDirPath = "";
			targets = (
				20286C34FDCF999611CA2CEA,
			);
		};
		20286C29FDCF999611CA2CEA = {
			children = (
				20286C2AFDCF999611CA2CEA,
				20286C2CFDCF999611CA2CEA,
				20286C32FDCF999611CA2CEA,
				195DF8C9FE9D4F0611CA2CBB,
			);
			isa = PBXGroup;
			name = Glypha;
			path = "";
			refType = 4;
		};
		20286C2AFDCF999611CA2CEA = {
			children = (
				00C05EF400D9F9A97F000001,
				00C05EF500D9F9A97F000001,
				00C05EF600D9F9A97F000001,
				00C05EF700D9F9A97F000001,
				00C05EF900D9F9A97F000001,
				00C05EFA00D9F9A97F000001,
				00C05EFB00D9F9A97F000001,
				00C05EFC00D9F9A97F000001,
				00C05EFD00D9F9A97F000001,
				00C05EF800D9F9A97F000001,
			);
			isa = PBXGroup;
			name = Sources;
			path = "";
			refType = 4;
		};
		20286C2CFDCF999611CA2CEA = {
			children = (
				00C05EF200D9F94A7F000001,
				04DED90400DCE4907F000001,
			);
			isa = PBXGroup;
			name = Resources;
			path = "";
			refType = 4;
		};
		20286C32FDCF999611CA2CEA = {
			children = (
				20286C33FDCF999611CA2CEA,
				0249A669FF388E3911CA2CEA,
				0640BAA4FFF0323A11CA0E50,
				0640BAA5FFF0323A11CA0E50,
			);
			isa = PBXGroup;
			name = Frameworks;
			path = "";
			refType = 4;
		};
		20286C33FDCF999611CA2CEA = {
			isa = PBXFrameworkReference;
			name = Carbon.framework;
			path = /System/Library/Frameworks/Carbon.framework;
			refType = 0;
		};
		20286C34FDCF999611CA2CEA = {
			buildPhases = (
				20286C35FDCF999611CA2CEA,
				20286C36FDCF999611CA2CEA,
				20286C38FDCF999611CA2CEA,
				20286C3BFDCF999611CA2CEA,
				04313892FE3035C9C02AAC07,
			);
			buildSettings = {
				CC = /usr/bin/gcc3;
				CPLUSPLUS = "/usr/bin/g++3";
				DEBUGGING_SYMBOLS = NO;
				FRAMEWORK_SEARCH_PATHS = "";
				GCC_VERSION = 3;
				HEADER_SEARCH_PATHS = "";
				INSTALL_PATH = "$(HOME)/Applications";
				LIBRARY_SEARCH_PATHS = "";
				OPTIMIZATION_CFLAGS = "-O3";
				OTHER_CFLAGS = "";
				OTHER_LDFLAGS = "";
				OTHER_REZFLAGS = "";
				PRODUCT_NAME = "Glypha III";
				SECTORDER_FLAGS = "";
				WARNING_CFLAGS = "-Wmost -Wno-four-char-constants -Wno-unknown-pragmas";
				WRAPPER_EXTENSION = app;
			};
			dependencies = (
			);
			isa = PBXApplicationTarget;
			name = Glypha;
			productInstallPath = "$(HOME)/Applications";
			productName = Glypha;
			productReference = 0249A665FF388DC511CA2CEA;
			productSettingsXML = "<?xml version=\"1.0\" encoding=\"UTF-8\"?>
<!DOCTYPE plist PUBLIC \"-//Apple Computer//DTD PLIST 1.0//EN\" \"http://www.apple.com/DTDs/PropertyList-1.0.dtd\">
<plist version=\"1.0\">
<dict>
	<key>CFBundleDevelopmentRegion</key>
	<string>English</string>
	<key>CFBundleExecutable</key>
	<string>Glypha III</string>
	<key>CFBundleGetInfoString</key>
	<string>Glypha III 1.1.1; John Calhoun &amp; Mark Pazolli; Public Domain 2001;</string>
	<key>CFBundleIconFile</key>
	<string>Glypha.icns</string>
	<key>CFBundleIdentifier</key>
	<string>com.mps.glypha</string>
	<key>CFBundleInfoDictionaryVersion</key>
	<string>6.0</string>
	<key>CFBundleName</key>
	<string>Glypha III</string>
	<key>CFBundlePackageType</key>
	<string>APPL</string>
	<key>CFBundleShortVersionString</key>
	<string>1.1.1</string>
	<key>CFBundleSignature</key>
	<string>zade</string>
	<key>CFBundleVersion</key>
	<string>1.1.1</string>
	<key>CSResourcesFileMapped</key>
	<true/>
</dict>
</plist>
";
		};
		20286C35FDCF999611CA2CEA = {
			buildActionMask = 2147483647;
			files = (
				00C05EFE00D9F9A97F000001,
			);
			isa = PBXHeadersBuildPhase;
			runOnlyForDeploymentPostprocessing = 0;
		};
		20286C36FDCF999611CA2CEA = {
			buildActionMask = 2147483647;
			files = (
				04DED90500DCE4907F000001,
			);
			isa = PBXResourcesBuildPhase;
			runOnlyForDeploymentPostprocessing = 0;
		};
		20286C38FDCF999611CA2CEA = {
			buildActionMask = 2147483647;
			files = (
				00C05EFF00D9F9A97F000001,
				00C05F0000D9F9A97F000001,
				00C05F0100D9F9A97F000001,
				00C05F0200D9F9A97F000001,
				00C05F0300D9F9A97F000001,
				00C05F0400D9F9A97F000001,
				00C05F0500D9F9A97F000001,
				00C05F0600D9F9A97F000001,
				00C05F0700D9F9A97F000001,
			);
			isa = PBXSourcesBuildPhase;
			runOnlyForDeploymentPostprocessing = 0;
		};
		20286C3BFDCF999611CA2CEA = {
			buildActionMask = 2147483647;
			files = (
				20286C3CFDCF999611CA2CEA,
				0249A66AFF388E3911CA2CEA,
			);
			isa = PBXFrameworksBuildPhase;
			runOnlyForDeploymentPostprocessing = 0;
		};
		20286C3CFDCF999611CA2CEA = {
			fileRef = 20286C33FDCF999611CA2CEA;
			isa = PBXBuildFile;
			settings = {
			};
		};
	};
	rootObject = 20286C28FDCF999611CA2CEA;
}
